// !$*UTF8*$!
{
	archiveVersion = 1;
	classes = {
	};
	objectVersion = 55;
	objects = {

/* Begin PBXBuildFile section */
		C42AE3CB27E5C5BD00B97001 /* ContentView.swift in Sources */ = {isa = PBXBuildFile; fileRef = C42AE3CA27E5C5BD00B97001 /* ContentView.swift */; };
		C42AE3CD27E5C5BE00B97001 /* Assets.xcassets in Resources */ = {isa = PBXBuildFile; fileRef = C42AE3CC27E5C5BE00B97001 /* Assets.xcassets */; };
		C42AE3D027E5C5BE00B97001 /* Preview Assets.xcassets in Resources */ = {isa = PBXBuildFile; fileRef = C42AE3CF27E5C5BE00B97001 /* Preview Assets.xcassets */; };
		C42AE3DA27E5C8AC00B97001 /* QiitaItem.swift in Sources */ = {isa = PBXBuildFile; fileRef = C42AE3D927E5C8AC00B97001 /* QiitaItem.swift */; };
		C42AE3DC27E5CAB600B97001 /* QiitaItemsModel.swift in Sources */ = {isa = PBXBuildFile; fileRef = C42AE3DB27E5CAB600B97001 /* QiitaItemsModel.swift */; };
		C46DA3BB27E8303D0083AC6D /* DetailView.swift in Sources */ = {isa = PBXBuildFile; fileRef = C46DA3BA27E8303D0083AC6D /* DetailView.swift */; };
		C46DA3BE27E834210083AC6D /* Parma in Frameworks */ = {isa = PBXBuildFile; productRef = C46DA3BD27E834210083AC6D /* Parma */; };
		C478B2F727E84C0A0062857B /* token.txt in Resources */ = {isa = PBXBuildFile; fileRef = C478B2F627E84C0A0062857B /* token.txt */; };
		C47BC0E227EEA071005E0AA8 /* QiitaItemsPresenter.swift in Sources */ = {isa = PBXBuildFile; fileRef = C47BC0E127EEA071005E0AA8 /* QiitaItemsPresenter.swift */; };
		C47BC0E427F01D5A005E0AA8 /* AppDelegate.swift in Sources */ = {isa = PBXBuildFile; fileRef = C47BC0E327F01D5A005E0AA8 /* AppDelegate.swift */; };
		C47BC0E627F01D61005E0AA8 /* SceneDelegate.swift in Sources */ = {isa = PBXBuildFile; fileRef = C47BC0E527F01D61005E0AA8 /* SceneDelegate.swift */; };
/* End PBXBuildFile section */

/* Begin PBXFileReference section */
		C42AE3C527E5C5BD00B97001 /* ios-qiita-searcher.app */ = {isa = PBXFileReference; explicitFileType = wrapper.application; includeInIndex = 0; path = "ios-qiita-searcher.app"; sourceTree = BUILT_PRODUCTS_DIR; };
		C42AE3CA27E5C5BD00B97001 /* ContentView.swift */ = {isa = PBXFileReference; lastKnownFileType = sourcecode.swift; path = ContentView.swift; sourceTree = "<group>"; };
		C42AE3CC27E5C5BE00B97001 /* Assets.xcassets */ = {isa = PBXFileReference; lastKnownFileType = folder.assetcatalog; path = Assets.xcassets; sourceTree = "<group>"; };
		C42AE3CF27E5C5BE00B97001 /* Preview Assets.xcassets */ = {isa = PBXFileReference; lastKnownFileType = folder.assetcatalog; path = "Preview Assets.xcassets"; sourceTree = "<group>"; };
		C42AE3D627E5C5DE00B97001 /* README.md */ = {isa = PBXFileReference; lastKnownFileType = net.daringfireball.markdown; path = README.md; sourceTree = "<group>"; };
		C42AE3D927E5C8AC00B97001 /* QiitaItem.swift */ = {isa = PBXFileReference; lastKnownFileType = sourcecode.swift; path = QiitaItem.swift; sourceTree = "<group>"; };
		C42AE3DB27E5CAB600B97001 /* QiitaItemsModel.swift */ = {isa = PBXFileReference; lastKnownFileType = sourcecode.swift; path = QiitaItemsModel.swift; sourceTree = "<group>"; };
		C46DA3BA27E8303D0083AC6D /* DetailView.swift */ = {isa = PBXFileReference; lastKnownFileType = sourcecode.swift; path = DetailView.swift; sourceTree = "<group>"; };
		C478B2F627E84C0A0062857B /* token.txt */ = {isa = PBXFileReference; fileEncoding = 4; lastKnownFileType = text; path = token.txt; sourceTree = "<group>"; };
		C47BC0E127EEA071005E0AA8 /* QiitaItemsPresenter.swift */ = {isa = PBXFileReference; lastKnownFileType = sourcecode.swift; path = QiitaItemsPresenter.swift; sourceTree = "<group>"; };
		C47BC0E327F01D5A005E0AA8 /* AppDelegate.swift */ = {isa = PBXFileReference; lastKnownFileType = sourcecode.swift; path = AppDelegate.swift; sourceTree = "<group>"; };
		C47BC0E527F01D61005E0AA8 /* SceneDelegate.swift */ = {isa = PBXFileReference; lastKnownFileType = sourcecode.swift; path = SceneDelegate.swift; sourceTree = "<group>"; };
		C47BC0E727F01E3F005E0AA8 /* Info.plist */ = {isa = PBXFileReference; lastKnownFileType = text.plist; path = Info.plist; sourceTree = "<group>"; };
/* End PBXFileReference section */

/* Begin PBXFrameworksBuildPhase section */
		C42AE3C227E5C5BD00B97001 /* Frameworks */ = {
			isa = PBXFrameworksBuildPhase;
			buildActionMask = 2147483647;
			files = (
				C46DA3BE27E834210083AC6D /* Parma in Frameworks */,
			);
			runOnlyForDeploymentPostprocessing = 0;
		};
/* End PBXFrameworksBuildPhase section */

/* Begin PBXGroup section */
		C42AE3BC27E5C5BD00B97001 = {
			isa = PBXGroup;
			children = (
				C42AE3C727E5C5BD00B97001 /* ios-qiita-searcher */,
				C42AE3C627E5C5BD00B97001 /* Products */,
			);
			sourceTree = "<group>";
		};
		C42AE3C627E5C5BD00B97001 /* Products */ = {
			isa = PBXGroup;
			children = (
				C42AE3C527E5C5BD00B97001 /* ios-qiita-searcher.app */,
			);
			name = Products;
			sourceTree = "<group>";
		};
		C42AE3C727E5C5BD00B97001 /* ios-qiita-searcher */ = {
			isa = PBXGroup;
			children = (
				C47BC0E727F01E3F005E0AA8 /* Info.plist */,
				C47BC0E027EE9F65005E0AA8 /* Presenters */,
				C46DA3B727E82FA10083AC6D /* Views */,
				C46DA3B927E82FAC0083AC6D /* Models */,
				C42AE3D627E5C5DE00B97001 /* README.md */,
				C47BC0E327F01D5A005E0AA8 /* AppDelegate.swift */,
				C47BC0E527F01D61005E0AA8 /* SceneDelegate.swift */,
				C42AE3CC27E5C5BE00B97001 /* Assets.xcassets */,
				C478B2F627E84C0A0062857B /* token.txt */,
				C42AE3CE27E5C5BE00B97001 /* Preview Content */,
			);
			path = "ios-qiita-searcher";
			sourceTree = "<group>";
		};
		C42AE3CE27E5C5BE00B97001 /* Preview Content */ = {
			isa = PBXGroup;
			children = (
				C42AE3CF27E5C5BE00B97001 /* Preview Assets.xcassets */,
			);
			path = "Preview Content";
			sourceTree = "<group>";
		};
		C46DA3B727E82FA10083AC6D /* Views */ = {
			isa = PBXGroup;
			children = (
				C42AE3CA27E5C5BD00B97001 /* ContentView.swift */,
				C46DA3BA27E8303D0083AC6D /* DetailView.swift */,
			);
			path = Views;
			sourceTree = "<group>";
		};
		C46DA3B927E82FAC0083AC6D /* Models */ = {
			isa = PBXGroup;
			children = (
				C42AE3D927E5C8AC00B97001 /* QiitaItem.swift */,
				C42AE3DB27E5CAB600B97001 /* QiitaItemsModel.swift */,
			);
			path = Models;
			sourceTree = "<group>";
		};
		C47BC0E027EE9F65005E0AA8 /* Presenters */ = {
			isa = PBXGroup;
			children = (
				C47BC0E127EEA071005E0AA8 /* QiitaItemsPresenter.swift */,
			);
			path = Presenters;
			sourceTree = "<group>";
		};
/* End PBXGroup section */

/* Begin PBXNativeTarget section */
		C42AE3C427E5C5BD00B97001 /* ios-qiita-searcher */ = {
			isa = PBXNativeTarget;
			buildConfigurationList = C42AE3D327E5C5BE00B97001 /* Build configuration list for PBXNativeTarget "ios-qiita-searcher" */;
			buildPhases = (
				C42AE3C127E5C5BD00B97001 /* Sources */,
				C42AE3C227E5C5BD00B97001 /* Frameworks */,
				C42AE3C327E5C5BD00B97001 /* Resources */,
			);
			buildRules = (
			);
			dependencies = (
			);
			name = "ios-qiita-searcher";
			packageProductDependencies = (
				C46DA3BD27E834210083AC6D /* Parma */,
			);
			productName = "ios-qiita-searcher";
			productReference = C42AE3C527E5C5BD00B97001 /* ios-qiita-searcher.app */;
			productType = "com.apple.product-type.application";
		};
/* End PBXNativeTarget section */

/* Begin PBXProject section */
		C42AE3BD27E5C5BD00B97001 /* Project object */ = {
			isa = PBXProject;
			attributes = {
				BuildIndependentTargetsInParallel = 1;
				LastSwiftUpdateCheck = 1320;
				LastUpgradeCheck = 1320;
				TargetAttributes = {
					C42AE3C427E5C5BD00B97001 = {
						CreatedOnToolsVersion = 13.2.1;
					};
				};
			};
			buildConfigurationList = C42AE3C027E5C5BD00B97001 /* Build configuration list for PBXProject "ios-qiita-searcher" */;
			compatibilityVersion = "Xcode 13.0";
			developmentRegion = en;
			hasScannedForEncodings = 0;
			knownRegions = (
				en,
				Base,
			);
			mainGroup = C42AE3BC27E5C5BD00B97001;
			packageReferences = (
				C46DA3BC27E834210083AC6D /* XCRemoteSwiftPackageReference "Parma" */,
			);
			productRefGroup = C42AE3C627E5C5BD00B97001 /* Products */;
			projectDirPath = "";
			projectRoot = "";
			targets = (
				C42AE3C427E5C5BD00B97001 /* ios-qiita-searcher */,
			);
		};
/* End PBXProject section */

/* Begin PBXResourcesBuildPhase section */
		C42AE3C327E5C5BD00B97001 /* Resources */ = {
			isa = PBXResourcesBuildPhase;
			buildActionMask = 2147483647;
			files = (
				C42AE3D027E5C5BE00B97001 /* Preview Assets.xcassets in Resources */,
				C42AE3CD27E5C5BE00B97001 /* Assets.xcassets in Resources */,
				C478B2F727E84C0A0062857B /* token.txt in Resources */,
			);
			runOnlyForDeploymentPostprocessing = 0;
		};
/* End PBXResourcesBuildPhase section */

/* Begin PBXSourcesBuildPhase section */
		C42AE3C127E5C5BD00B97001 /* Sources */ = {
			isa = PBXSourcesBuildPhase;
			buildActionMask = 2147483647;
			files = (
				C42AE3CB27E5C5BD00B97001 /* ContentView.swift in Sources */,
				C46DA3BB27E8303D0083AC6D /* DetailView.swift in Sources */,
				C47BC0E227EEA071005E0AA8 /* QiitaItemsPresenter.swift in Sources */,
				C47BC0E427F01D5A005E0AA8 /* AppDelegate.swift in Sources */,
				C42AE3DA27E5C8AC00B97001 /* QiitaItem.swift in Sources */,
				C42AE3DC27E5CAB600B97001 /* QiitaItemsModel.swift in Sources */,
				C47BC0E627F01D61005E0AA8 /* SceneDelegate.swift in Sources */,
			);
			runOnlyForDeploymentPostprocessing = 0;
		};
/* End PBXSourcesBuildPhase section */

/* Begin XCBuildConfiguration section */
		C42AE3D127E5C5BE00B97001 /* Debug */ = {
			isa = XCBuildConfiguration;
			buildSettings = {
				ALWAYS_SEARCH_USER_PATHS = NO;
				CLANG_ANALYZER_NONNULL = YES;
				CLANG_ANALYZER_NUMBER_OBJECT_CONVERSION = YES_AGGRESSIVE;
				CLANG_CXX_LANGUAGE_STANDARD = "gnu++17";
				CLANG_CXX_LIBRARY = "libc++";
				CLANG_ENABLE_MODULES = YES;
				CLANG_ENABLE_OBJC_ARC = YES;
				CLANG_ENABLE_OBJC_WEAK = YES;
				CLANG_WARN_BLOCK_CAPTURE_AUTORELEASING = YES;
				CLANG_WARN_BOOL_CONVERSION = YES;
				CLANG_WARN_COMMA = YES;
				CLANG_WARN_CONSTANT_CONVERSION = YES;
				CLANG_WARN_DEPRECATED_OBJC_IMPLEMENTATIONS = YES;
				CLANG_WARN_DIRECT_OBJC_ISA_USAGE = YES_ERROR;
				CLANG_WARN_DOCUMENTATION_COMMENTS = YES;
				CLANG_WARN_EMPTY_BODY = YES;
				CLANG_WARN_ENUM_CONVERSION = YES;
				CLANG_WARN_INFINITE_RECURSION = YES;
				CLANG_WARN_INT_CONVERSION = YES;
				CLANG_WARN_NON_LITERAL_NULL_CONVERSION = YES;
				CLANG_WARN_OBJC_IMPLICIT_RETAIN_SELF = YES;
				CLANG_WARN_OBJC_LITERAL_CONVERSION = YES;
				CLANG_WARN_OBJC_ROOT_CLASS = YES_ERROR;
				CLANG_WARN_QUOTED_INCLUDE_IN_FRAMEWORK_HEADER = YES;
				CLANG_WARN_RANGE_LOOP_ANALYSIS = YES;
				CLANG_WARN_STRICT_PROTOTYPES = YES;
				CLANG_WARN_SUSPICIOUS_MOVE = YES;
				CLANG_WARN_UNGUARDED_AVAILABILITY = YES_AGGRESSIVE;
				CLANG_WARN_UNREACHABLE_CODE = YES;
				CLANG_WARN__DUPLICATE_METHOD_MATCH = YES;
				COPY_PHASE_STRIP = NO;
				DEBUG_INFORMATION_FORMAT = dwarf;
				ENABLE_STRICT_OBJC_MSGSEND = YES;
				ENABLE_TESTABILITY = YES;
				GCC_C_LANGUAGE_STANDARD = gnu11;
				GCC_DYNAMIC_NO_PIC = NO;
				GCC_NO_COMMON_BLOCKS = YES;
				GCC_OPTIMIZATION_LEVEL = 0;
				GCC_PREPROCESSOR_DEFINITIONS = (
					"DEBUG=1",
					"$(inherited)",
				);
				GCC_WARN_64_TO_32_BIT_CONVERSION = YES;
				GCC_WARN_ABOUT_RETURN_TYPE = YES_ERROR;
				GCC_WARN_UNDECLARED_SELECTOR = YES;
				GCC_WARN_UNINITIALIZED_AUTOS = YES_AGGRESSIVE;
				GCC_WARN_UNUSED_FUNCTION = YES;
				GCC_WARN_UNUSED_VARIABLE = YES;
				IPHONEOS_DEPLOYMENT_TARGET = 15.2;
				MTL_ENABLE_DEBUG_INFO = INCLUDE_SOURCE;
				MTL_FAST_MATH = YES;
				ONLY_ACTIVE_ARCH = YES;
				SDKROOT = iphoneos;
				SWIFT_ACTIVE_COMPILATION_CONDITIONS = DEBUG;
				SWIFT_OPTIMIZATION_LEVEL = "-Onone";
			};
			name = Debug;
		};
		C42AE3D227E5C5BE00B97001 /* Release */ = {
			isa = XCBuildConfiguration;
			buildSettings = {
				ALWAYS_SEARCH_USER_PATHS = NO;
				CLANG_ANALYZER_NONNULL = YES;
				CLANG_ANALYZER_NUMBER_OBJECT_CONVERSION = YES_AGGRESSIVE;
				CLANG_CXX_LANGUAGE_STANDARD = "gnu++17";
				CLANG_CXX_LIBRARY = "libc++";
				CLANG_ENABLE_MODULES = YES;
				CLANG_ENABLE_OBJC_ARC = YES;
				CLANG_ENABLE_OBJC_WEAK = YES;
				CLANG_WARN_BLOCK_CAPTURE_AUTORELEASING = YES;
				CLANG_WARN_BOOL_CONVERSION = YES;
				CLANG_WARN_COMMA = YES;
				CLANG_WARN_CONSTANT_CONVERSION = YES;
				CLANG_WARN_DEPRECATED_OBJC_IMPLEMENTATIONS = YES;
				CLANG_WARN_DIRECT_OBJC_ISA_USAGE = YES_ERROR;
				CLANG_WARN_DOCUMENTATION_COMMENTS = YES;
				CLANG_WARN_EMPTY_BODY = YES;
				CLANG_WARN_ENUM_CONVERSION = YES;
				CLANG_WARN_INFINITE_RECURSION = YES;
				CLANG_WARN_INT_CONVERSION = YES;
				CLANG_WARN_NON_LITERAL_NULL_CONVERSION = YES;
				CLANG_WARN_OBJC_IMPLICIT_RETAIN_SELF = YES;
				CLANG_WARN_OBJC_LITERAL_CONVERSION = YES;
				CLANG_WARN_OBJC_ROOT_CLASS = YES_ERROR;
				CLANG_WARN_QUOTED_INCLUDE_IN_FRAMEWORK_HEADER = YES;
				CLANG_WARN_RANGE_LOOP_ANALYSIS = YES;
				CLANG_WARN_STRICT_PROTOTYPES = YES;
				CLANG_WARN_SUSPICIOUS_MOVE = YES;
				CLANG_WARN_UNGUARDED_AVAILABILITY = YES_AGGRESSIVE;
				CLANG_WARN_UNREACHABLE_CODE = YES;
				CLANG_WARN__DUPLICATE_METHOD_MATCH = YES;
				COPY_PHASE_STRIP = NO;
				DEBUG_INFORMATION_FORMAT = "dwarf-with-dsym";
				ENABLE_NS_ASSERTIONS = NO;
				ENABLE_STRICT_OBJC_MSGSEND = YES;
				GCC_C_LANGUAGE_STANDARD = gnu11;
				GCC_NO_COMMON_BLOCKS = YES;
				GCC_WARN_64_TO_32_BIT_CONVERSION = YES;
				GCC_WARN_ABOUT_RETURN_TYPE = YES_ERROR;
				GCC_WARN_UNDECLARED_SELECTOR = YES;
				GCC_WARN_UNINITIALIZED_AUTOS = YES_AGGRESSIVE;
				GCC_WARN_UNUSED_FUNCTION = YES;
				GCC_WARN_UNUSED_VARIABLE = YES;
				IPHONEOS_DEPLOYMENT_TARGET = 15.2;
				MTL_ENABLE_DEBUG_INFO = NO;
				MTL_FAST_MATH = YES;
				SDKROOT = iphoneos;
				SWIFT_COMPILATION_MODE = wholemodule;
				SWIFT_OPTIMIZATION_LEVEL = "-O";
				VALIDATE_PRODUCT = YES;
			};
			name = Release;
		};
		C42AE3D427E5C5BE00B97001 /* Debug */ = {
			isa = XCBuildConfiguration;
			buildSettings = {
				ASSETCATALOG_COMPILER_APPICON_NAME = AppIcon;
				ASSETCATALOG_COMPILER_GLOBAL_ACCENT_COLOR_NAME = AccentColor;
				CODE_SIGN_STYLE = Automatic;
				CURRENT_PROJECT_VERSION = 1;
				DEVELOPMENT_ASSET_PATHS = "\"ios-qiita-searcher/Preview Content\"";
				DEVELOPMENT_TEAM = QRU573PRFF;
				ENABLE_PREVIEWS = YES;
				GENERATE_INFOPLIST_FILE = YES;
				INFOPLIST_FILE = "ios-qiita-searcher/Info.plist";
				INFOPLIST_KEY_UIApplicationSupportsIndirectInputEvents = YES;
				INFOPLIST_KEY_UILaunchScreen_Generation = YES;
				INFOPLIST_KEY_UISupportedInterfaceOrientations_iPad = "UIInterfaceOrientationPortrait UIInterfaceOrientationPortraitUpsideDown UIInterfaceOrientationLandscapeLeft UIInterfaceOrientationLandscapeRight";
				INFOPLIST_KEY_UISupportedInterfaceOrientations_iPhone = "UIInterfaceOrientationPortrait UIInterfaceOrientationLandscapeLeft UIInterfaceOrientationLandscapeRight";
				LD_RUNPATH_SEARCH_PATHS = (
					"$(inherited)",
					"@executable_path/Frameworks",
				);
				MARKETING_VERSION = 1.0;
				PRODUCT_BUNDLE_IDENTIFIER = "atabata.ios-qiita-searcher";
				PRODUCT_NAME = "$(TARGET_NAME)";
				SWIFT_EMIT_LOC_STRINGS = YES;
				SWIFT_VERSION = 5.0;
				TARGETED_DEVICE_FAMILY = "1,2";
			};
			name = Debug;
		};
		C42AE3D527E5C5BE00B97001 /* Release */ = {
			isa = XCBuildConfiguration;
			buildSettings = {
				ASSETCATALOG_COMPILER_APPICON_NAME = AppIcon;
				ASSETCATALOG_COMPILER_GLOBAL_ACCENT_COLOR_NAME = AccentColor;
				CODE_SIGN_STYLE = Automatic;
				CURRENT_PROJECT_VERSION = 1;
				DEVELOPMENT_ASSET_PATHS = "\"ios-qiita-searcher/Preview Content\"";
				DEVELOPMENT_TEAM = QRU573PRFF;
				ENABLE_PREVIEWS = YES;
				GENERATE_INFOPLIST_FILE = YES;
				INFOPLIST_FILE = "ios-qiita-searcher/Info.plist";
				INFOPLIST_KEY_UIApplicationSupportsIndirectInputEvents = YES;
				INFOPLIST_KEY_UILaunchScreen_Generation = YES;
				INFOPLIST_KEY_UISupportedInterfaceOrientations_iPad = "UIInterfaceOrientationPortrait UIInterfaceOrientationPortraitUpsideDown UIInterfaceOrientationLandscapeLeft UIInterfaceOrientationLandscapeRight";
				INFOPLIST_KEY_UISupportedInterfaceOrientations_iPhone = "UIInterfaceOrientationPortrait UIInterfaceOrientationLandscapeLeft UIInterfaceOrientationLandscapeRight";
				LD_RUNPATH_SEARCH_PATHS = (
					"$(inherited)",
					"@executable_path/Frameworks",
				);
				MARKETING_VERSION = 1.0;
				PRODUCT_BUNDLE_IDENTIFIER = "atabata.ios-qiita-searcher";
				PRODUCT_NAME = "$(TARGET_NAME)";
				SWIFT_EMIT_LOC_STRINGS = YES;
				SWIFT_VERSION = 5.0;
				TARGETED_DEVICE_FAMILY = "1,2";
			};
			name = Release;
		};
/* End XCBuildConfiguration section */

/* Begin XCConfigurationList section */
		C42AE3C027E5C5BD00B97001 /* Build configuration list for PBXProject "ios-qiita-searcher" */ = {
			isa = XCConfigurationList;
			buildConfigurations = (
				C42AE3D127E5C5BE00B97001 /* Debug */,
				C42AE3D227E5C5BE00B97001 /* Release */,
			);
			defaultConfigurationIsVisible = 0;
			defaultConfigurationName = Release;
		};
		C42AE3D327E5C5BE00B97001 /* Build configuration list for PBXNativeTarget "ios-qiita-searcher" */ = {
			isa = XCConfigurationList;
			buildConfigurations = (
				C42AE3D427E5C5BE00B97001 /* Debug */,
				C42AE3D527E5C5BE00B97001 /* Release */,
			);
			defaultConfigurationIsVisible = 0;
			defaultConfigurationName = Release;
		};
/* End XCConfigurationList section */

/* Begin XCRemoteSwiftPackageReference section */
		C46DA3BC27E834210083AC6D /* XCRemoteSwiftPackageReference "Parma" */ = {
			isa = XCRemoteSwiftPackageReference;
			repositoryURL = "https://github.com/dasautoooo/Parma";
			requirement = {
				branch = main;
				kind = branch;
			};
		};
/* End XCRemoteSwiftPackageReference section */

/* Begin XCSwiftPackageProductDependency section */
		C46DA3BD27E834210083AC6D /* Parma */ = {
			isa = XCSwiftPackageProductDependency;
			package = C46DA3BC27E834210083AC6D /* XCRemoteSwiftPackageReference "Parma" */;
			productName = Parma;
		};
/* End XCSwiftPackageProductDependency section */
	};
	rootObject = C42AE3BD27E5C5BD00B97001 /* Project object */;
}
